{
  "name": "alopiyek",
  "lockfileVersion": 3,
  "requires": true,
  "packages": {
    "": {
      "dependencies": {
        "@neshan-maps-platform/mapbox-gl": "^1.1.1",
        "@neshan-maps-platform/mapbox-gl-react": "^1.0.0"
      }
    },
    "node_modules/@neshan-maps-platform/mapbox-gl": {
      "version": "1.1.1",
      "resolved": "https://registry.npmjs.org/@neshan-maps-platform/mapbox-gl/-/mapbox-gl-1.1.1.tgz",
      "integrity": "sha512-auMQXTFhkOpzKdpBrcy+pSDpeHi5zBSHUwbw3gbT/lyeB3Y19NPDlytioBg3sAm+ZkF8IAP97DEcNxenQG2NYA==",
      "dependencies": {
        "@types/mapbox-gl": "^2.7.17",
        "vazirmatn": "^33.0.3"
      }
    },
    "node_modules/@neshan-maps-platform/mapbox-gl-react": {
      "version": "1.0.0",
      "resolved": "https://registry.npmjs.org/@neshan-maps-platform/mapbox-gl-react/-/mapbox-gl-react-1.0.0.tgz",
      "integrity": "sha512-sn4/p0OjecG/iwNXKal2bu1qbZjYw16GgGmRZwUr0IpD9XVNDTlGcfy4Vvol+YHJzFfd+IZ3NBnVUKheF2GIDA==",
      "dependencies": {
        "@neshan-maps-platform/mapbox-gl": "^1.1.1",
        "react": "^18.2.0",
        "react-dom": "^18.2.0"
      }
    },
    "node_modules/@types/geojson": {
      "version": "7946.0.13",
      "resolved": "https://registry.npmjs.org/@types/geojson/-/geojson-7946.0.13.tgz",
      "integrity": "sha512-bmrNrgKMOhM3WsafmbGmC+6dsF2Z308vLFsQ3a/bT8X8Sv5clVYpPars/UPq+sAaJP+5OoLAYgwbkS5QEJdLUQ=="
    },
    "node_modules/@types/mapbox-gl": {
      "version": "2.7.19",
      "resolved": "https://registry.npmjs.org/@types/mapbox-gl/-/mapbox-gl-2.7.19.tgz",
      "integrity": "sha512-pkRdlhQJNbtwcKJSVC4uuOA6M3OlOObIMhNecqHB991oeaDF5XkjSIRaTE0lh5p4KClptSCxW6MBiREVRHrl2A==",
      "dependencies": {
        "@types/geojson": "*"
      }
    },
    "node_modules/js-tokens": {
      "version": "4.0.0",
      "resolved": "https://registry.npmjs.org/js-tokens/-/js-tokens-4.0.0.tgz",
      "integrity": "sha512-RdJUflcE3cUzKiMqQgsCu06FPu9UdIJO0beYbPhHN4k6apgJtifcoCtT9bcxOpYBtpD2kCM6Sbzg4CausW/PKQ=="
    },
    "node_modules/loose-envify": {
      "version": "1.4.0",
      "resolved": "https://registry.npmjs.org/loose-envify/-/loose-envify-1.4.0.tgz",
      "integrity": "sha512-lyuxPGr/Wfhrlem2CL/UcnUc1zcqKAImBDzukY7Y5F/yQiNdko6+fRLevlw1HgMySw7f611UIY408EtxRSoK3Q==",
      "dependencies": {
        "js-tokens": "^3.0.0 || ^4.0.0"
      },
      "bin": {
        "loose-envify": "cli.js"
      }
    },
    "node_modules/react": {
      "version": "18.2.0",
      "resolved": "https://registry.npmjs.org/react/-/react-18.2.0.tgz",
      "integrity": "sha512-/3IjMdb2L9QbBdWiW5e3P2/npwMBaU9mHCSCUzNln0ZCYbcfTsGbTJrU/kGemdH2IWmB2ioZ+zkxtmq6g09fGQ==",
      "dependencies": {
        "loose-envify": "^1.1.0"
      },
      "engines": {
        "node": ">=0.10.0"
      }
    },
    "node_modules/react-dom": {
      "version": "18.2.0",
      "resolved": "https://registry.npmjs.org/react-dom/-/react-dom-18.2.0.tgz",
      "integrity": "sha512-6IMTriUmvsjHUjNtEDudZfuDQUoWXVxKHhlEGSk81n4YFS+r/Kl99wXiwlVXtPBtJenozv2P+hxDsw9eA7Xo6g==",
      "dependencies": {
        "loose-envify": "^1.1.0",
        "scheduler": "^0.23.0"
      },
      "peerDependencies": {
        "react": "^18.2.0"
      }
    },
    "node_modules/scheduler": {
      "version": "0.23.0",
      "resolved": "https://registry.npmjs.org/scheduler/-/scheduler-0.23.0.tgz",
      "integrity": "sha512-CtuThmgHNg7zIZWAXi3AsyIzA3n4xx7aNyjwC2VJldO2LMVDhFK+63xGqq6CsJH4rTAt6/M+N4GhZiDYPx9eUw==",
      "dependencies": {
        "loose-envify": "^1.1.0"
      }
    },
    "node_modules/vazirmatn": {
      "version": "33.0.3",
      "resolved": "https://registry.npmjs.org/vazirmatn/-/vazirmatn-33.0.3.tgz",
      "integrity": "sha512-fbjNc0CMjazZpIegWzz9OHGzI1APFboT+x7ZecXlUCtDe/nkyx7gtCTZnWS/+eeXG7fbfXymCPKJI8EsnM3iqw=="
    }
  }
}
